
Microsoft Visual Studio Solution File, Format Version 12.00
# Visual Studio Version 16
VisualStudioVersion = 16.0.31702.278
MinimumVisualStudioVersion = 10.0.40219.1
Project("{FAE04EC0-301F-11D3-BF4B-00C04F79EFBC}") = "testProject", "testProject\testProject.csproj", "{65D7A764-E042-4AAA-AB9D-86D72C1312B0}"
EndProject
Global
	GlobalSection(SolutionConfigurationPlatforms) = preSolution
		Debug|Any CPU = Debug|Any CPU
		Release|Any CPU = Release|Any CPU
	EndGlobalSection
	GlobalSection(ProjectConfigurationPlatforms) = postSolution
		{65D7A764-E042-4AAA-AB9D-86D72C1312B0}.Debug|Any CPU.ActiveCfg = Debug|Any CPU
		{65D7A764-E042-4AAA-AB9D-86D72C1312B0}.Debug|Any CPU.Build.0 = Debug|Any CPU
		{65D7A764-E042-4AAA-AB9D-86D72C1312B0}.Release|Any CPU.ActiveCfg = Release|Any CPU
		{65D7A764-E042-4AAA-AB9D-86D72C1312B0}.Release|Any CPU.Build.0 = Release|Any CPU
	EndGlobalSection
	GlobalSection(SolutionProperties) = preSolution
		HideSolutionNode = FALSE
	EndGlobalSection
	GlobalSection(ExtensibilityGlobals) = postSolution
		SolutionGuid = {D95EFF48-BC84-4CCD-9EFA-F92E5C37F91D}
	EndGlobalSection
EndGlobal
